
Microsoft Visual Studio Solution File, Format Version 12.00
# Visual Studio Version 16
VisualStudioVersion = 16.0.36631.11
MinimumVisualStudioVersion = 10.0.40219.1
Project("{8BC9CEB8-8B4A-11D0-8D11-00A0C91BC942}") = "file_io", "file_io.vcxproj", "{F92670A8-49E3-4658-85C5-4AB4833EE0FD}"
EndProject
Global
	GlobalSection(SolutionConfigurationPlatforms) = preSolution
		Debug|x86 = Debug|x86
		Release|x86 = Release|x86
	EndGlobalSection
	GlobalSection(ProjectConfigurationPlatforms) = postSolution
		{F92670A8-49E3-4658-85C5-4AB4833EE0FD}.Debug|x86.ActiveCfg = Debug|Win32
		{F92670A8-49E3-4658-85C5-4AB4833EE0FD}.Debug|x86.Build.0 = Debug|Win32
		{F92670A8-49E3-4658-85C5-4AB4833EE0FD}.Release|x86.ActiveCfg = Release|Win32
		{F92670A8-49E3-4658-85C5-4AB4833EE0FD}.Release|x86.Build.0 = Release|Win32
	EndGlobalSection
	GlobalSection(SolutionProperties) = preSolution
		HideSolutionNode = FALSE
	EndGlobalSection
	GlobalSection(ExtensibilityGlobals) = postSolution
		SolutionGuid = {1131C670-84AD-4460-AB28-6ED30E8860F6}
	EndGlobalSection
EndGlobal
