
Microsoft Visual Studio Solution File, Format Version 12.00
# Visual Studio Version 16
VisualStudioVersion = 16.0.36631.11
MinimumVisualStudioVersion = 10.0.40219.1
Project("{8BC9CEB8-8B4A-11D0-8D11-00A0C91BC942}") = "tcp_Svr", "tcp_Svr.vcxproj", "{699027E3-3D5C-4452-883E-C3706620CF11}"
EndProject
Global
	GlobalSection(SolutionConfigurationPlatforms) = preSolution
		Debug|x86 = Debug|x86
		Release|x86 = Release|x86
	EndGlobalSection
	GlobalSection(ProjectConfigurationPlatforms) = postSolution
		{699027E3-3D5C-4452-883E-C3706620CF11}.Debug|x86.ActiveCfg = Debug|Win32
		{699027E3-3D5C-4452-883E-C3706620CF11}.Debug|x86.Build.0 = Debug|Win32
		{699027E3-3D5C-4452-883E-C3706620CF11}.Release|x86.ActiveCfg = Release|Win32
		{699027E3-3D5C-4452-883E-C3706620CF11}.Release|x86.Build.0 = Release|Win32
	EndGlobalSection
	GlobalSection(SolutionProperties) = preSolution
		HideSolutionNode = FALSE
	EndGlobalSection
	GlobalSection(ExtensibilityGlobals) = postSolution
		SolutionGuid = {79864598-13BB-44D2-8803-907898F09001}
	EndGlobalSection
EndGlobal
