
Microsoft Visual Studio Solution File, Format Version 12.00
# Visual Studio Version 16
VisualStudioVersion = 16.0.36631.11
MinimumVisualStudioVersion = 10.0.40219.1
Project("{8BC9CEB8-8B4A-11D0-8D11-00A0C91BC942}") = "tcp_Cln", "tcp_Cln.vcxproj", "{FA5F2F7B-7DD2-4A6A-9A45-5FE16B293764}"
EndProject
Global
	GlobalSection(SolutionConfigurationPlatforms) = preSolution
		Debug|x86 = Debug|x86
		Release|x86 = Release|x86
	EndGlobalSection
	GlobalSection(ProjectConfigurationPlatforms) = postSolution
		{FA5F2F7B-7DD2-4A6A-9A45-5FE16B293764}.Debug|x86.ActiveCfg = Debug|Win32
		{FA5F2F7B-7DD2-4A6A-9A45-5FE16B293764}.Debug|x86.Build.0 = Debug|Win32
		{FA5F2F7B-7DD2-4A6A-9A45-5FE16B293764}.Release|x86.ActiveCfg = Release|Win32
		{FA5F2F7B-7DD2-4A6A-9A45-5FE16B293764}.Release|x86.Build.0 = Release|Win32
	EndGlobalSection
	GlobalSection(SolutionProperties) = preSolution
		HideSolutionNode = FALSE
	EndGlobalSection
	GlobalSection(ExtensibilityGlobals) = postSolution
		SolutionGuid = {EF345866-23A0-44E6-B366-722E117EA155}
	EndGlobalSection
EndGlobal
